
Microsoft Visual Studio Solution File, Format Version 12.00
# Visual Studio Version 16
VisualStudioVersion = 16.0.30114.105
MinimumVisualStudioVersion = 10.0.40219.1
Project("{2150E333-8FDC-42A3-9474-1A3956D46DE8}") = "src", "src", "{2FF17FF2-C1FC-40BC-96EB-0EF97806AB42}"
EndProject
Project("{FAE04EC0-301F-11D3-BF4B-00C04F79EFBC}") = "PizzaStore.Specials", "src\PizzaStore.Specials\PizzaStore.Specials.csproj", "{1CB8A880-A378-4197-971D-63F16709CBF5}"
EndProject
Global
	GlobalSection(SolutionConfigurationPlatforms) = preSolution
		Debug|Any CPU = Debug|Any CPU
		Release|Any CPU = Release|Any CPU
	EndGlobalSection
	GlobalSection(SolutionProperties) = preSolution
		HideSolutionNode = FALSE
	EndGlobalSection
	GlobalSection(ProjectConfigurationPlatforms) = postSolution
		{1CB8A880-A378-4197-971D-63F16709CBF5}.Debug|Any CPU.ActiveCfg = Debug|Any CPU
		{1CB8A880-A378-4197-971D-63F16709CBF5}.Debug|Any CPU.Build.0 = Debug|Any CPU
		{1CB8A880-A378-4197-971D-63F16709CBF5}.Release|Any CPU.ActiveCfg = Release|Any CPU
		{1CB8A880-A378-4197-971D-63F16709CBF5}.Release|Any CPU.Build.0 = Release|Any CPU
	EndGlobalSection
	GlobalSection(NestedProjects) = preSolution
		{1CB8A880-A378-4197-971D-63F16709CBF5} = {2FF17FF2-C1FC-40BC-96EB-0EF97806AB42}
	EndGlobalSection
EndGlobal
